
Microsoft Visual Studio Solution File, Format Version 12.00
# Visual Studio Version 17
VisualStudioVersion = 17.3.32922.545
MinimumVisualStudioVersion = 10.0.40219.1
Project("{9A19103F-16F7-4668-BE54-9A1E7A4F7556}") = "ProjectManagementSystem", "ProjectManagementSystem\ProjectManagementSystem.csproj", "{1C35B4F2-D15A-486A-ABDD-9EBF0314ADE2}"
EndProject
Project("{FAE04EC0-301F-11D3-BF4B-00C04F79EFBC}") = "ProjectManagementSystem.UnitTests", "ProjectManagementSystem.UnitTests\ProjectManagementSystem.UnitTests.csproj", "{0ADA33A0-076F-429D-878C-F9D49866D410}"
EndProject
Global
	GlobalSection(SolutionConfigurationPlatforms) = preSolution
		Debug|Any CPU = Debug|Any CPU
		Release|Any CPU = Release|Any CPU
	EndGlobalSection
	GlobalSection(ProjectConfigurationPlatforms) = postSolution
		{1C35B4F2-D15A-486A-ABDD-9EBF0314ADE2}.Debug|Any CPU.ActiveCfg = Debug|Any CPU
		{1C35B4F2-D15A-486A-ABDD-9EBF0314ADE2}.Debug|Any CPU.Build.0 = Debug|Any CPU
		{1C35B4F2-D15A-486A-ABDD-9EBF0314ADE2}.Release|Any CPU.ActiveCfg = Release|Any CPU
		{1C35B4F2-D15A-486A-ABDD-9EBF0314ADE2}.Release|Any CPU.Build.0 = Release|Any CPU
		{0ADA33A0-076F-429D-878C-F9D49866D410}.Debug|Any CPU.ActiveCfg = Debug|Any CPU
		{0ADA33A0-076F-429D-878C-F9D49866D410}.Debug|Any CPU.Build.0 = Debug|Any CPU
		{0ADA33A0-076F-429D-878C-F9D49866D410}.Release|Any CPU.ActiveCfg = Release|Any CPU
		{0ADA33A0-076F-429D-878C-F9D49866D410}.Release|Any CPU.Build.0 = Release|Any CPU
	EndGlobalSection
	GlobalSection(SolutionProperties) = preSolution
		HideSolutionNode = FALSE
	EndGlobalSection
	GlobalSection(ExtensibilityGlobals) = postSolution
		SolutionGuid = {BF7B77E5-2ECE-4864-AF1D-A9B8D2B75416}
	EndGlobalSection
EndGlobal
